
Microsoft Visual Studio Solution File, Format Version 12.00
# Visual Studio Version 16
VisualStudioVersion = 16.0.29709.97
MinimumVisualStudioVersion = 10.0.40219.1
Project("{FAE04EC0-301F-11D3-BF4B-00C04F79EFBC}") = "Task1", "Task1.csproj", "{4C1DCBB0-D153-4BB2-80C7-943E4FE1F311}"
EndProject
Global
	GlobalSection(SolutionConfigurationPlatforms) = preSolution
		Debug|Any CPU = Debug|Any CPU
		Release|Any CPU = Release|Any CPU
	EndGlobalSection
	GlobalSection(ProjectConfigurationPlatforms) = postSolution
		{4C1DCBB0-D153-4BB2-80C7-943E4FE1F311}.Debug|Any CPU.ActiveCfg = Debug|Any CPU
		{4C1DCBB0-D153-4BB2-80C7-943E4FE1F311}.Debug|Any CPU.Build.0 = Debug|Any CPU
		{4C1DCBB0-D153-4BB2-80C7-943E4FE1F311}.Release|Any CPU.ActiveCfg = Release|Any CPU
		{4C1DCBB0-D153-4BB2-80C7-943E4FE1F311}.Release|Any CPU.Build.0 = Release|Any CPU
	EndGlobalSection
	GlobalSection(SolutionProperties) = preSolution
		HideSolutionNode = FALSE
	EndGlobalSection
	GlobalSection(ExtensibilityGlobals) = postSolution
		SolutionGuid = {72B858EA-056C-4247-AB8B-0E41CD97605C}
	EndGlobalSection
EndGlobal
